
Microsoft Visual Studio Solution File, Format Version 12.00
# Visual Studio 15
VisualStudioVersion = 15.0.28307.421
MinimumVisualStudioVersion = 10.0.40219.1
Project("{FAE04EC0-301F-11D3-BF4B-00C04F79EFBC}") = "libpgf-csharp", "libpgf-csharp\libpgf-csharp.csproj", "{C93444EA-CAEF-441B-98CE-9B3EDC106BD7}"
EndProject
Global
	GlobalSection(SolutionConfigurationPlatforms) = preSolution
		Debug|Any CPU = Debug|Any CPU
		Release|Any CPU = Release|Any CPU
	EndGlobalSection
	GlobalSection(ProjectConfigurationPlatforms) = postSolution
		{C93444EA-CAEF-441B-98CE-9B3EDC106BD7}.Debug|Any CPU.ActiveCfg = Debug|Any CPU
		{C93444EA-CAEF-441B-98CE-9B3EDC106BD7}.Debug|Any CPU.Build.0 = Debug|Any CPU
		{C93444EA-CAEF-441B-98CE-9B3EDC106BD7}.Release|Any CPU.ActiveCfg = Release|Any CPU
		{C93444EA-CAEF-441B-98CE-9B3EDC106BD7}.Release|Any CPU.Build.0 = Release|Any CPU
	EndGlobalSection
	GlobalSection(SolutionProperties) = preSolution
		HideSolutionNode = FALSE
	EndGlobalSection
	GlobalSection(ExtensibilityGlobals) = postSolution
		SolutionGuid = {362450D7-6EB9-41FF-8CB8-DC64EB5E5915}
	EndGlobalSection
EndGlobal
